
Microsoft Visual Studio Solution File, Format Version 12.00
# Visual Studio Version 17
VisualStudioVersion = 17.5.33516.290
MinimumVisualStudioVersion = 10.0.40219.1
Project("{888888A0-9F3D-457C-B088-3A5042F75D52}") = "Automatic Update Catalog Information", "Automatic Update Catalog Information.pyproj", "{AE22FCC3-3395-466E-996C-9F80EDE08A51}"
EndProject
Global
	GlobalSection(SolutionConfigurationPlatforms) = preSolution
		Debug|Any CPU = Debug|Any CPU
		Release|Any CPU = Release|Any CPU
	EndGlobalSection
	GlobalSection(ProjectConfigurationPlatforms) = postSolution
		{AE22FCC3-3395-466E-996C-9F80EDE08A51}.Debug|Any CPU.ActiveCfg = Debug|Any CPU
		{AE22FCC3-3395-466E-996C-9F80EDE08A51}.Release|Any CPU.ActiveCfg = Release|Any CPU
	EndGlobalSection
	GlobalSection(SolutionProperties) = preSolution
		HideSolutionNode = FALSE
	EndGlobalSection
	GlobalSection(ExtensibilityGlobals) = postSolution
		SolutionGuid = {2BD600F3-ADD1-4412-A818-F62267A92AF4}
	EndGlobalSection
EndGlobal
